// !$*UTF8*$!
{
	archiveVersion = 1;
	classes = {
	};
	objectVersion = 56;
	objects = {

/* Begin PBXBuildFile section */
		9490D8422AA5852900044EDB /* ViewExtension.swift in Sources */ = {isa = PBXBuildFile; fileRef = 9490D8412AA5852900044EDB /* ViewExtension.swift */; };
		9490D8442AA5854800044EDB /* ColorExtension.swift in Sources */ = {isa = PBXBuildFile; fileRef = 9490D8432AA5854800044EDB /* ColorExtension.swift */; };
		9490D8472AA5980D00044EDB /* ButtonStyles.swift in Sources */ = {isa = PBXBuildFile; fileRef = 9490D8462AA5980D00044EDB /* ButtonStyles.swift */; };
		9490D8652AA7D6B400044EDB /* ItemType.swift in Sources */ = {isa = PBXBuildFile; fileRef = 9490D8642AA7D6B400044EDB /* ItemType.swift */; };
		9490D8672AA7D6F700044EDB /* StorageType.swift in Sources */ = {isa = PBXBuildFile; fileRef = 9490D8662AA7D6F700044EDB /* StorageType.swift */; };
		9490D8692AA7D76500044EDB /* AmountRemaining.swift in Sources */ = {isa = PBXBuildFile; fileRef = 9490D8682AA7D76500044EDB /* AmountRemaining.swift */; };
		94BD199C2A92E6D700B4881D /* PantryPalApp.swift in Sources */ = {isa = PBXBuildFile; fileRef = 94BD199B2A92E6D700B4881D /* PantryPalApp.swift */; };
		94BD199E2A92E6D700B4881D /* ContentView.swift in Sources */ = {isa = PBXBuildFile; fileRef = 94BD199D2A92E6D700B4881D /* ContentView.swift */; };
		94BD19A02A92E6D900B4881D /* Assets.xcassets in Resources */ = {isa = PBXBuildFile; fileRef = 94BD199F2A92E6D900B4881D /* Assets.xcassets */; };
		94BD19A32A92E6D900B4881D /* Preview Assets.xcassets in Resources */ = {isa = PBXBuildFile; fileRef = 94BD19A22A92E6D900B4881D /* Preview Assets.xcassets */; };
		94BD19B22A92ECB000B4881D /* InventoryItem.swift in Sources */ = {isa = PBXBuildFile; fileRef = 94BD19B12A92ECB000B4881D /* InventoryItem.swift */; };
		94BD19B42A92ECEA00B4881D /* InventoryView.swift in Sources */ = {isa = PBXBuildFile; fileRef = 94BD19B32A92ECEA00B4881D /* InventoryView.swift */; };
		94BD19B72A92F34400B4881D /* InventoryItemRowView.swift in Sources */ = {isa = PBXBuildFile; fileRef = 94BD19B62A92F34400B4881D /* InventoryItemRowView.swift */; };
		94BD19B92A92F44800B4881D /* InventoryViewModel.swift in Sources */ = {isa = PBXBuildFile; fileRef = 94BD19B82A92F44800B4881D /* InventoryViewModel.swift */; };
		94BD19BB2A93D6C400B4881D /* InventoryItemDetailsView.swift in Sources */ = {isa = PBXBuildFile; fileRef = 94BD19BA2A93D6C400B4881D /* InventoryItemDetailsView.swift */; };
		94BD19BD2A93D7D400B4881D /* CreateInventoryItemView.swift in Sources */ = {isa = PBXBuildFile; fileRef = 94BD19BC2A93D7D400B4881D /* CreateInventoryItemView.swift */; };
/* End PBXBuildFile section */

/* Begin PBXFileReference section */
		9490D8412AA5852900044EDB /* ViewExtension.swift */ = {isa = PBXFileReference; lastKnownFileType = sourcecode.swift; name = ViewExtension.swift; path = PantryPal/Extensions/ViewExtension.swift; sourceTree = SOURCE_ROOT; };
		9490D8432AA5854800044EDB /* ColorExtension.swift */ = {isa = PBXFileReference; lastKnownFileType = sourcecode.swift; name = ColorExtension.swift; path = PantryPal/Extensions/ColorExtension.swift; sourceTree = SOURCE_ROOT; };
		9490D8462AA5980D00044EDB /* ButtonStyles.swift */ = {isa = PBXFileReference; lastKnownFileType = sourcecode.swift; path = ButtonStyles.swift; sourceTree = "<group>"; };
		9490D8642AA7D6B400044EDB /* ItemType.swift */ = {isa = PBXFileReference; lastKnownFileType = sourcecode.swift; path = ItemType.swift; sourceTree = "<group>"; };
		9490D8662AA7D6F700044EDB /* StorageType.swift */ = {isa = PBXFileReference; lastKnownFileType = sourcecode.swift; path = StorageType.swift; sourceTree = "<group>"; };
		9490D8682AA7D76500044EDB /* AmountRemaining.swift */ = {isa = PBXFileReference; lastKnownFileType = sourcecode.swift; path = AmountRemaining.swift; sourceTree = "<group>"; };
		94BD19982A92E6D700B4881D /* PantryPal.app */ = {isa = PBXFileReference; explicitFileType = wrapper.application; includeInIndex = 0; path = PantryPal.app; sourceTree = BUILT_PRODUCTS_DIR; };
		94BD199B2A92E6D700B4881D /* PantryPalApp.swift */ = {isa = PBXFileReference; lastKnownFileType = sourcecode.swift; path = PantryPalApp.swift; sourceTree = "<group>"; };
		94BD199D2A92E6D700B4881D /* ContentView.swift */ = {isa = PBXFileReference; lastKnownFileType = sourcecode.swift; path = ContentView.swift; sourceTree = "<group>"; };
		94BD199F2A92E6D900B4881D /* Assets.xcassets */ = {isa = PBXFileReference; lastKnownFileType = folder.assetcatalog; path = Assets.xcassets; sourceTree = "<group>"; };
		94BD19A22A92E6D900B4881D /* Preview Assets.xcassets */ = {isa = PBXFileReference; lastKnownFileType = folder.assetcatalog; path = "Preview Assets.xcassets"; sourceTree = "<group>"; };
		94BD19B12A92ECB000B4881D /* InventoryItem.swift */ = {isa = PBXFileReference; lastKnownFileType = sourcecode.swift; path = InventoryItem.swift; sourceTree = "<group>"; };
		94BD19B32A92ECEA00B4881D /* InventoryView.swift */ = {isa = PBXFileReference; lastKnownFileType = sourcecode.swift; path = InventoryView.swift; sourceTree = "<group>"; };
		94BD19B62A92F34400B4881D /* InventoryItemRowView.swift */ = {isa = PBXFileReference; lastKnownFileType = sourcecode.swift; path = InventoryItemRowView.swift; sourceTree = "<group>"; };
		94BD19B82A92F44800B4881D /* InventoryViewModel.swift */ = {isa = PBXFileReference; lastKnownFileType = sourcecode.swift; path = InventoryViewModel.swift; sourceTree = "<group>"; };
		94BD19BA2A93D6C400B4881D /* InventoryItemDetailsView.swift */ = {isa = PBXFileReference; lastKnownFileType = sourcecode.swift; path = InventoryItemDetailsView.swift; sourceTree = "<group>"; };
		94BD19BC2A93D7D400B4881D /* CreateInventoryItemView.swift */ = {isa = PBXFileReference; lastKnownFileType = sourcecode.swift; path = CreateInventoryItemView.swift; sourceTree = "<group>"; };
/* End PBXFileReference section */

/* Begin PBXFrameworksBuildPhase section */
		94BD19952A92E6D700B4881D /* Frameworks */ = {
			isa = PBXFrameworksBuildPhase;
			buildActionMask = 2147483647;
			files = (
			);
			runOnlyForDeploymentPostprocessing = 0;
		};
/* End PBXFrameworksBuildPhase section */

/* Begin PBXGroup section */
		9490D8452AA5863F00044EDB /* Extensions */ = {
			isa = PBXGroup;
			children = (
				9490D8412AA5852900044EDB /* ViewExtension.swift */,
				9490D8432AA5854800044EDB /* ColorExtension.swift */,
				9490D8462AA5980D00044EDB /* ButtonStyles.swift */,
			);
			path = Extensions;
			sourceTree = "<group>";
		};
		94BD198F2A92E6D700B4881D = {
			isa = PBXGroup;
			children = (
				94BD199A2A92E6D700B4881D /* PantryPal */,
				94BD19992A92E6D700B4881D /* Products */,
			);
			sourceTree = "<group>";
		};
		94BD19992A92E6D700B4881D /* Products */ = {
			isa = PBXGroup;
			children = (
				94BD19982A92E6D700B4881D /* PantryPal.app */,
			);
			name = Products;
			sourceTree = "<group>";
		};
		94BD199A2A92E6D700B4881D /* PantryPal */ = {
			isa = PBXGroup;
			children = (
				9490D8452AA5863F00044EDB /* Extensions */,
				94BD19A92A92EB0500B4881D /* Core */,
				94BD19AA2A92EB2300B4881D /* Supporting */,
				94BD199F2A92E6D900B4881D /* Assets.xcassets */,
				94BD19A12A92E6D900B4881D /* Preview Content */,
			);
			path = PantryPal;
			sourceTree = "<group>";
		};
		94BD19A12A92E6D900B4881D /* Preview Content */ = {
			isa = PBXGroup;
			children = (
				94BD19A22A92E6D900B4881D /* Preview Assets.xcassets */,
			);
			path = "Preview Content";
			sourceTree = "<group>";
		};
		94BD19A92A92EB0500B4881D /* Core */ = {
			isa = PBXGroup;
			children = (
				94BD19B52A92F1BD00B4881D /* Common */,
				94BD19AB2A92EC1500B4881D /* Features */,
			);
			path = Core;
			sourceTree = "<group>";
		};
		94BD19AA2A92EB2300B4881D /* Supporting */ = {
			isa = PBXGroup;
			children = (
				94BD199B2A92E6D700B4881D /* PantryPalApp.swift */,
				94BD199D2A92E6D700B4881D /* ContentView.swift */,
			);
			path = Supporting;
			sourceTree = "<group>";
		};
		94BD19AB2A92EC1500B4881D /* Features */ = {
			isa = PBXGroup;
			children = (
				94BD19AC2A92EC1B00B4881D /* Inventory */,
			);
			path = Features;
			sourceTree = "<group>";
		};
		94BD19AC2A92EC1B00B4881D /* Inventory */ = {
			isa = PBXGroup;
			children = (
				94BD19AD2A92EC2400B4881D /* Models */,
				94BD19B02A92EC5500B4881D /* ViewModels */,
				94BD19AE2A92EC2E00B4881D /* Screens */,
				94BD19AF2A92EC4C00B4881D /* Views */,
			);
			path = Inventory;
			sourceTree = "<group>";
		};
		94BD19AD2A92EC2400B4881D /* Models */ = {
			isa = PBXGroup;
			children = (
				94BD19B12A92ECB000B4881D /* InventoryItem.swift */,
				9490D8642AA7D6B400044EDB /* ItemType.swift */,
				9490D8662AA7D6F700044EDB /* StorageType.swift */,
				9490D8682AA7D76500044EDB /* AmountRemaining.swift */,
			);
			path = Models;
			sourceTree = "<group>";
		};
		94BD19AE2A92EC2E00B4881D /* Screens */ = {
			isa = PBXGroup;
			children = (
				94BD19B32A92ECEA00B4881D /* InventoryView.swift */,
			);
			path = Screens;
			sourceTree = "<group>";
		};
		94BD19AF2A92EC4C00B4881D /* Views */ = {
			isa = PBXGroup;
			children = (
				94BD19B62A92F34400B4881D /* InventoryItemRowView.swift */,
				94BD19BA2A93D6C400B4881D /* InventoryItemDetailsView.swift */,
				94BD19BC2A93D7D400B4881D /* CreateInventoryItemView.swift */,
			);
			path = Views;
			sourceTree = "<group>";
		};
		94BD19B02A92EC5500B4881D /* ViewModels */ = {
			isa = PBXGroup;
			children = (
				94BD19B82A92F44800B4881D /* InventoryViewModel.swift */,
			);
			path = ViewModels;
			sourceTree = "<group>";
		};
		94BD19B52A92F1BD00B4881D /* Common */ = {
			isa = PBXGroup;
			children = (
			);
			path = Common;
			sourceTree = "<group>";
		};
/* End PBXGroup section */

/* Begin PBXNativeTarget section */
		94BD19972A92E6D700B4881D /* PantryPal */ = {
			isa = PBXNativeTarget;
			buildConfigurationList = 94BD19A62A92E6D900B4881D /* Build configuration list for PBXNativeTarget "PantryPal" */;
			buildPhases = (
				94BD19942A92E6D700B4881D /* Sources */,
				94BD19952A92E6D700B4881D /* Frameworks */,
				94BD19962A92E6D700B4881D /* Resources */,
			);
			buildRules = (
			);
			dependencies = (
			);
			name = PantryPal;
			productName = PantryPal;
			productReference = 94BD19982A92E6D700B4881D /* PantryPal.app */;
			productType = "com.apple.product-type.application";
		};
/* End PBXNativeTarget section */

/* Begin PBXProject section */
		94BD19902A92E6D700B4881D /* Project object */ = {
			isa = PBXProject;
			attributes = {
				BuildIndependentTargetsInParallel = 1;
				LastSwiftUpdateCheck = 1430;
				LastUpgradeCheck = 1430;
				TargetAttributes = {
					94BD19972A92E6D700B4881D = {
						CreatedOnToolsVersion = 14.3.1;
					};
				};
			};
			buildConfigurationList = 94BD19932A92E6D700B4881D /* Build configuration list for PBXProject "PantryPal" */;
			compatibilityVersion = "Xcode 14.0";
			developmentRegion = en;
			hasScannedForEncodings = 0;
			knownRegions = (
				en,
				Base,
			);
			mainGroup = 94BD198F2A92E6D700B4881D;
			productRefGroup = 94BD19992A92E6D700B4881D /* Products */;
			projectDirPath = "";
			projectRoot = "";
			targets = (
				94BD19972A92E6D700B4881D /* PantryPal */,
			);
		};
/* End PBXProject section */

/* Begin PBXResourcesBuildPhase section */
		94BD19962A92E6D700B4881D /* Resources */ = {
			isa = PBXResourcesBuildPhase;
			buildActionMask = 2147483647;
			files = (
				94BD19A32A92E6D900B4881D /* Preview Assets.xcassets in Resources */,
				94BD19A02A92E6D900B4881D /* Assets.xcassets in Resources */,
			);
			runOnlyForDeploymentPostprocessing = 0;
		};
/* End PBXResourcesBuildPhase section */

/* Begin PBXSourcesBuildPhase section */
		94BD19942A92E6D700B4881D /* Sources */ = {
			isa = PBXSourcesBuildPhase;
			buildActionMask = 2147483647;
			files = (
				9490D8472AA5980D00044EDB /* ButtonStyles.swift in Sources */,
				9490D8422AA5852900044EDB /* ViewExtension.swift in Sources */,
				9490D8652AA7D6B400044EDB /* ItemType.swift in Sources */,
				94BD19B72A92F34400B4881D /* InventoryItemRowView.swift in Sources */,
				9490D8672AA7D6F700044EDB /* StorageType.swift in Sources */,
				94BD19B92A92F44800B4881D /* InventoryViewModel.swift in Sources */,
				94BD19B22A92ECB000B4881D /* InventoryItem.swift in Sources */,
				94BD199E2A92E6D700B4881D /* ContentView.swift in Sources */,
				94BD19BB2A93D6C400B4881D /* InventoryItemDetailsView.swift in Sources */,
				94BD199C2A92E6D700B4881D /* PantryPalApp.swift in Sources */,
				94BD19BD2A93D7D400B4881D /* CreateInventoryItemView.swift in Sources */,
				94BD19B42A92ECEA00B4881D /* InventoryView.swift in Sources */,
				9490D8692AA7D76500044EDB /* AmountRemaining.swift in Sources */,
				9490D8442AA5854800044EDB /* ColorExtension.swift in Sources */,
			);
			runOnlyForDeploymentPostprocessing = 0;
		};
/* End PBXSourcesBuildPhase section */

/* Begin XCBuildConfiguration section */
		94BD19A42A92E6D900B4881D /* Debug */ = {
			isa = XCBuildConfiguration;
			buildSettings = {
				ALWAYS_SEARCH_USER_PATHS = NO;
				CLANG_ANALYZER_NONNULL = YES;
				CLANG_ANALYZER_NUMBER_OBJECT_CONVERSION = YES_AGGRESSIVE;
				CLANG_CXX_LANGUAGE_STANDARD = "gnu++20";
				CLANG_ENABLE_MODULES = YES;
				CLANG_ENABLE_OBJC_ARC = YES;
				CLANG_ENABLE_OBJC_WEAK = YES;
				CLANG_WARN_BLOCK_CAPTURE_AUTORELEASING = YES;
				CLANG_WARN_BOOL_CONVERSION = YES;
				CLANG_WARN_COMMA = YES;
				CLANG_WARN_CONSTANT_CONVERSION = YES;
				CLANG_WARN_DEPRECATED_OBJC_IMPLEMENTATIONS = YES;
				CLANG_WARN_DIRECT_OBJC_ISA_USAGE = YES_ERROR;
				CLANG_WARN_DOCUMENTATION_COMMENTS = YES;
				CLANG_WARN_EMPTY_BODY = YES;
				CLANG_WARN_ENUM_CONVERSION = YES;
				CLANG_WARN_INFINITE_RECURSION = YES;
				CLANG_WARN_INT_CONVERSION = YES;
				CLANG_WARN_NON_LITERAL_NULL_CONVERSION = YES;
				CLANG_WARN_OBJC_IMPLICIT_RETAIN_SELF = YES;
				CLANG_WARN_OBJC_LITERAL_CONVERSION = YES;
				CLANG_WARN_OBJC_ROOT_CLASS = YES_ERROR;
				CLANG_WARN_QUOTED_INCLUDE_IN_FRAMEWORK_HEADER = YES;
				CLANG_WARN_RANGE_LOOP_ANALYSIS = YES;
				CLANG_WARN_STRICT_PROTOTYPES = YES;
				CLANG_WARN_SUSPICIOUS_MOVE = YES;
				CLANG_WARN_UNGUARDED_AVAILABILITY = YES_AGGRESSIVE;
				CLANG_WARN_UNREACHABLE_CODE = YES;
				CLANG_WARN__DUPLICATE_METHOD_MATCH = YES;
				COPY_PHASE_STRIP = NO;
				DEBUG_INFORMATION_FORMAT = dwarf;
				ENABLE_STRICT_OBJC_MSGSEND = YES;
				ENABLE_TESTABILITY = YES;
				GCC_C_LANGUAGE_STANDARD = gnu11;
				GCC_DYNAMIC_NO_PIC = NO;
				GCC_NO_COMMON_BLOCKS = YES;
				GCC_OPTIMIZATION_LEVEL = 0;
				GCC_PREPROCESSOR_DEFINITIONS = (
					"DEBUG=1",
					"$(inherited)",
				);
				GCC_WARN_64_TO_32_BIT_CONVERSION = YES;
				GCC_WARN_ABOUT_RETURN_TYPE = YES_ERROR;
				GCC_WARN_UNDECLARED_SELECTOR = YES;
				GCC_WARN_UNINITIALIZED_AUTOS = YES_AGGRESSIVE;
				GCC_WARN_UNUSED_FUNCTION = YES;
				GCC_WARN_UNUSED_VARIABLE = YES;
				IPHONEOS_DEPLOYMENT_TARGET = 16.4;
				MTL_ENABLE_DEBUG_INFO = INCLUDE_SOURCE;
				MTL_FAST_MATH = YES;
				ONLY_ACTIVE_ARCH = YES;
				SDKROOT = iphoneos;
				SWIFT_ACTIVE_COMPILATION_CONDITIONS = DEBUG;
				SWIFT_OPTIMIZATION_LEVEL = "-Onone";
			};
			name = Debug;
		};
		94BD19A52A92E6D900B4881D /* Release */ = {
			isa = XCBuildConfiguration;
			buildSettings = {
				ALWAYS_SEARCH_USER_PATHS = NO;
				CLANG_ANALYZER_NONNULL = YES;
				CLANG_ANALYZER_NUMBER_OBJECT_CONVERSION = YES_AGGRESSIVE;
				CLANG_CXX_LANGUAGE_STANDARD = "gnu++20";
				CLANG_ENABLE_MODULES = YES;
				CLANG_ENABLE_OBJC_ARC = YES;
				CLANG_ENABLE_OBJC_WEAK = YES;
				CLANG_WARN_BLOCK_CAPTURE_AUTORELEASING = YES;
				CLANG_WARN_BOOL_CONVERSION = YES;
				CLANG_WARN_COMMA = YES;
				CLANG_WARN_CONSTANT_CONVERSION = YES;
				CLANG_WARN_DEPRECATED_OBJC_IMPLEMENTATIONS = YES;
				CLANG_WARN_DIRECT_OBJC_ISA_USAGE = YES_ERROR;
				CLANG_WARN_DOCUMENTATION_COMMENTS = YES;
				CLANG_WARN_EMPTY_BODY = YES;
				CLANG_WARN_ENUM_CONVERSION = YES;
				CLANG_WARN_INFINITE_RECURSION = YES;
				CLANG_WARN_INT_CONVERSION = YES;
				CLANG_WARN_NON_LITERAL_NULL_CONVERSION = YES;
				CLANG_WARN_OBJC_IMPLICIT_RETAIN_SELF = YES;
				CLANG_WARN_OBJC_LITERAL_CONVERSION = YES;
				CLANG_WARN_OBJC_ROOT_CLASS = YES_ERROR;
				CLANG_WARN_QUOTED_INCLUDE_IN_FRAMEWORK_HEADER = YES;
				CLANG_WARN_RANGE_LOOP_ANALYSIS = YES;
				CLANG_WARN_STRICT_PROTOTYPES = YES;
				CLANG_WARN_SUSPICIOUS_MOVE = YES;
				CLANG_WARN_UNGUARDED_AVAILABILITY = YES_AGGRESSIVE;
				CLANG_WARN_UNREACHABLE_CODE = YES;
				CLANG_WARN__DUPLICATE_METHOD_MATCH = YES;
				COPY_PHASE_STRIP = NO;
				DEBUG_INFORMATION_FORMAT = "dwarf-with-dsym";
				ENABLE_NS_ASSERTIONS = NO;
				ENABLE_STRICT_OBJC_MSGSEND = YES;
				GCC_C_LANGUAGE_STANDARD = gnu11;
				GCC_NO_COMMON_BLOCKS = YES;
				GCC_WARN_64_TO_32_BIT_CONVERSION = YES;
				GCC_WARN_ABOUT_RETURN_TYPE = YES_ERROR;
				GCC_WARN_UNDECLARED_SELECTOR = YES;
				GCC_WARN_UNINITIALIZED_AUTOS = YES_AGGRESSIVE;
				GCC_WARN_UNUSED_FUNCTION = YES;
				GCC_WARN_UNUSED_VARIABLE = YES;
				IPHONEOS_DEPLOYMENT_TARGET = 16.4;
				MTL_ENABLE_DEBUG_INFO = NO;
				MTL_FAST_MATH = YES;
				SDKROOT = iphoneos;
				SWIFT_COMPILATION_MODE = wholemodule;
				SWIFT_OPTIMIZATION_LEVEL = "-O";
				VALIDATE_PRODUCT = YES;
			};
			name = Release;
		};
		94BD19A72A92E6D900B4881D /* Debug */ = {
			isa = XCBuildConfiguration;
			buildSettings = {
				ASSETCATALOG_COMPILER_APPICON_NAME = AppIcon;
				ASSETCATALOG_COMPILER_GLOBAL_ACCENT_COLOR_NAME = AccentColor;
				CODE_SIGN_STYLE = Automatic;
				CURRENT_PROJECT_VERSION = 1;
				DEVELOPMENT_ASSET_PATHS = "\"PantryPal/Preview Content\"";
				DEVELOPMENT_TEAM = X7SVUW8262;
				ENABLE_PREVIEWS = YES;
				GENERATE_INFOPLIST_FILE = YES;
				INFOPLIST_KEY_UIApplicationSceneManifest_Generation = YES;
				INFOPLIST_KEY_UIApplicationSupportsIndirectInputEvents = YES;
				INFOPLIST_KEY_UILaunchScreen_Generation = YES;
				INFOPLIST_KEY_UISupportedInterfaceOrientations_iPad = "UIInterfaceOrientationPortrait UIInterfaceOrientationPortraitUpsideDown UIInterfaceOrientationLandscapeLeft UIInterfaceOrientationLandscapeRight";
				INFOPLIST_KEY_UISupportedInterfaceOrientations_iPhone = "UIInterfaceOrientationPortrait UIInterfaceOrientationLandscapeLeft UIInterfaceOrientationLandscapeRight";
				LD_RUNPATH_SEARCH_PATHS = (
					"$(inherited)",
					"@executable_path/Frameworks",
				);
				MARKETING_VERSION = 1.0;
				PRODUCT_BUNDLE_IDENTIFIER = nit.PantryPal;
				PRODUCT_NAME = "$(TARGET_NAME)";
				SWIFT_EMIT_LOC_STRINGS = YES;
				SWIFT_VERSION = 5.0;
				TARGETED_DEVICE_FAMILY = "1,2";
			};
			name = Debug;
		};
		94BD19A82A92E6D900B4881D /* Release */ = {
			isa = XCBuildConfiguration;
			buildSettings = {
				ASSETCATALOG_COMPILER_APPICON_NAME = AppIcon;
				ASSETCATALOG_COMPILER_GLOBAL_ACCENT_COLOR_NAME = AccentColor;
				CODE_SIGN_STYLE = Automatic;
				CURRENT_PROJECT_VERSION = 1;
				DEVELOPMENT_ASSET_PATHS = "\"PantryPal/Preview Content\"";
				DEVELOPMENT_TEAM = X7SVUW8262;
				ENABLE_PREVIEWS = YES;
				GENERATE_INFOPLIST_FILE = YES;
				INFOPLIST_KEY_UIApplicationSceneManifest_Generation = YES;
				INFOPLIST_KEY_UIApplicationSupportsIndirectInputEvents = YES;
				INFOPLIST_KEY_UILaunchScreen_Generation = YES;
				INFOPLIST_KEY_UISupportedInterfaceOrientations_iPad = "UIInterfaceOrientationPortrait UIInterfaceOrientationPortraitUpsideDown UIInterfaceOrientationLandscapeLeft UIInterfaceOrientationLandscapeRight";
				INFOPLIST_KEY_UISupportedInterfaceOrientations_iPhone = "UIInterfaceOrientationPortrait UIInterfaceOrientationLandscapeLeft UIInterfaceOrientationLandscapeRight";
				LD_RUNPATH_SEARCH_PATHS = (
					"$(inherited)",
					"@executable_path/Frameworks",
				);
				MARKETING_VERSION = 1.0;
				PRODUCT_BUNDLE_IDENTIFIER = nit.PantryPal;
				PRODUCT_NAME = "$(TARGET_NAME)";
				SWIFT_EMIT_LOC_STRINGS = YES;
				SWIFT_VERSION = 5.0;
				TARGETED_DEVICE_FAMILY = "1,2";
			};
			name = Release;
		};
/* End XCBuildConfiguration section */

/* Begin XCConfigurationList section */
		94BD19932A92E6D700B4881D /* Build configuration list for PBXProject "PantryPal" */ = {
			isa = XCConfigurationList;
			buildConfigurations = (
				94BD19A42A92E6D900B4881D /* Debug */,
				94BD19A52A92E6D900B4881D /* Release */,
			);
			defaultConfigurationIsVisible = 0;
			defaultConfigurationName = Release;
		};
		94BD19A62A92E6D900B4881D /* Build configuration list for PBXNativeTarget "PantryPal" */ = {
			isa = XCConfigurationList;
			buildConfigurations = (
				94BD19A72A92E6D900B4881D /* Debug */,
				94BD19A82A92E6D900B4881D /* Release */,
			);
			defaultConfigurationIsVisible = 0;
			defaultConfigurationName = Release;
		};
/* End XCConfigurationList section */
	};
	rootObject = 94BD19902A92E6D700B4881D /* Project object */;
}
